{
  "version": "5",
  "specifiers": {
    "jsr:@nergy101/astrodon@0.2.1": "0.2.1"
  },
  "jsr": {
    "@nergy101/astrodon@0.2.1": {
      "integrity": "ca089ce3df39abe420b5a2fca25e2635a261815284398e58d3b39d568389c376"
    }
  },
  "workspace": {
    "dependencies": [
      "jsr:@nergy101/astrodon@0.2.1"
    ]
  }
}
