{
  "version": "5",
  "specifiers": {
    "jsr:@nergy101/astrodon@0.1.3": "0.1.3"
  },
  "jsr": {
    "@nergy101/astrodon@0.1.3": {
      "integrity": "e0edb76bd08fe7bd6e070825c3d0bf8c24da9171b12154dc9ded1039807a8afd"
    }
  },
  "workspace": {
    "dependencies": [
      "jsr:@nergy101/astrodon@0.1.3"
    ]
  }
}
