{
  "version": "5",
  "specifiers": {
    "jsr:@nergy101/astrodon@0.2.6": "0.2.6"
  },
  "jsr": {
    "@nergy101/astrodon@0.2.6": {
      "integrity": "a4ef751342ac3f87dd52688bf8518b9ff0e15813d460414b59efbc1eb569e942"
    }
  },
  "workspace": {
    "dependencies": [
      "jsr:@nergy101/astrodon@0.2.6"
    ]
  }
}
